
Microsoft Visual Studio Solution File, Format Version 12.00
# Visual Studio Version 16
VisualStudioVersion = 16.0.29418.71
MinimumVisualStudioVersion = 10.0.40219.1
Project("{8BC9CEB8-8B4A-11D0-8D11-00A0C91BC942}") = "Project2", "Project2\Project2.vcxproj", "{F36636E4-B9C4-457F-870A-14E48DAAF3C2}"
EndProject
Global
	GlobalSection(SolutionConfigurationPlatforms) = preSolution
		Debug|x64 = Debug|x64
		Debug|x86 = Debug|x86
		Release|x64 = Release|x64
		Release|x86 = Release|x86
	EndGlobalSection
	GlobalSection(ProjectConfigurationPlatforms) = postSolution
		{F36636E4-B9C4-457F-870A-14E48DAAF3C2}.Debug|x64.ActiveCfg = Debug|x64
		{F36636E4-B9C4-457F-870A-14E48DAAF3C2}.Debug|x64.Build.0 = Debug|x64
		{F36636E4-B9C4-457F-870A-14E48DAAF3C2}.Debug|x86.ActiveCfg = Debug|Win32
		{F36636E4-B9C4-457F-870A-14E48DAAF3C2}.Debug|x86.Build.0 = Debug|Win32
		{F36636E4-B9C4-457F-870A-14E48DAAF3C2}.Release|x64.ActiveCfg = Release|x64
		{F36636E4-B9C4-457F-870A-14E48DAAF3C2}.Release|x64.Build.0 = Release|x64
		{F36636E4-B9C4-457F-870A-14E48DAAF3C2}.Release|x86.ActiveCfg = Release|Win32
		{F36636E4-B9C4-457F-870A-14E48DAAF3C2}.Release|x86.Build.0 = Release|Win32
	EndGlobalSection
	GlobalSection(SolutionProperties) = preSolution
		HideSolutionNode = FALSE
	EndGlobalSection
	GlobalSection(ExtensibilityGlobals) = postSolution
		SolutionGuid = {613B3526-9CB7-4CFB-86F3-0D6F72DC35BC}
	EndGlobalSection
EndGlobal
